
Microsoft Visual Studio Solution File, Format Version 12.00
# Visual Studio Version 17
VisualStudioVersion = 17.13.35806.99 d17.13
MinimumVisualStudioVersion = 10.0.40219.1
Project("{8BC9CEB8-8B4A-11D0-8D11-00A0C91BC942}") = "ConsoleApplication1", "ConsoleApplication1\ConsoleApplication1.vcxproj", "{67525EA4-3371-49A6-8C52-5E3F1FAF828D}"
EndProject
Global
	GlobalSection(SolutionConfigurationPlatforms) = preSolution
		Debug|x64 = Debug|x64
		Debug|x86 = Debug|x86
		Release|x64 = Release|x64
		Release|x86 = Release|x86
	EndGlobalSection
	GlobalSection(ProjectConfigurationPlatforms) = postSolution
		{67525EA4-3371-49A6-8C52-5E3F1FAF828D}.Debug|x64.ActiveCfg = Debug|x64
		{67525EA4-3371-49A6-8C52-5E3F1FAF828D}.Debug|x64.Build.0 = Debug|x64
		{67525EA4-3371-49A6-8C52-5E3F1FAF828D}.Debug|x86.ActiveCfg = Debug|Win32
		{67525EA4-3371-49A6-8C52-5E3F1FAF828D}.Debug|x86.Build.0 = Debug|Win32
		{67525EA4-3371-49A6-8C52-5E3F1FAF828D}.Release|x64.ActiveCfg = Release|x64
		{67525EA4-3371-49A6-8C52-5E3F1FAF828D}.Release|x64.Build.0 = Release|x64
		{67525EA4-3371-49A6-8C52-5E3F1FAF828D}.Release|x86.ActiveCfg = Release|Win32
		{67525EA4-3371-49A6-8C52-5E3F1FAF828D}.Release|x86.Build.0 = Release|Win32
	EndGlobalSection
	GlobalSection(SolutionProperties) = preSolution
		HideSolutionNode = FALSE
	EndGlobalSection
	GlobalSection(ExtensibilityGlobals) = postSolution
		SolutionGuid = {E592A2D9-9542-4B7B-B7CD-47F9B97320A9}
	EndGlobalSection
EndGlobal
