
Microsoft Visual Studio Solution File, Format Version 12.00
# Visual Studio Version 17
VisualStudioVersion = 17.0.31903.59
MinimumVisualStudioVersion = 10.0.40219.1
Project("{FAE04EC0-301F-11D3-BF4B-00C04F79EFBC}") = "WebApplication1", "WebApplication1\WebApplication1.csproj", "{B025BC79-3696-43B9-969D-3952DAD79631}"
EndProject
Project("{FAE04EC0-301F-11D3-BF4B-00C04F79EFBC}") = "WebApplication2", "WebApplication2\WebApplication2.csproj", "{46F90921-3768-463C-BA1F-3AA66CDDD20E}"
EndProject
Project("{FAE04EC0-301F-11D3-BF4B-00C04F79EFBC}") = "matrixFromFile", "matrixFromFile\matrixFromFile.csproj", "{C62D38F4-D1F6-4A4F-B374-61F6D89C1753}"
EndProject
Global
	GlobalSection(SolutionConfigurationPlatforms) = preSolution
		Debug|Any CPU = Debug|Any CPU
		Release|Any CPU = Release|Any CPU
	EndGlobalSection
	GlobalSection(SolutionProperties) = preSolution
		HideSolutionNode = FALSE
	EndGlobalSection
	GlobalSection(ProjectConfigurationPlatforms) = postSolution
		{B025BC79-3696-43B9-969D-3952DAD79631}.Debug|Any CPU.ActiveCfg = Debug|Any CPU
		{B025BC79-3696-43B9-969D-3952DAD79631}.Debug|Any CPU.Build.0 = Debug|Any CPU
		{B025BC79-3696-43B9-969D-3952DAD79631}.Release|Any CPU.ActiveCfg = Release|Any CPU
		{B025BC79-3696-43B9-969D-3952DAD79631}.Release|Any CPU.Build.0 = Release|Any CPU
		{46F90921-3768-463C-BA1F-3AA66CDDD20E}.Debug|Any CPU.ActiveCfg = Debug|Any CPU
		{46F90921-3768-463C-BA1F-3AA66CDDD20E}.Debug|Any CPU.Build.0 = Debug|Any CPU
		{46F90921-3768-463C-BA1F-3AA66CDDD20E}.Release|Any CPU.ActiveCfg = Release|Any CPU
		{46F90921-3768-463C-BA1F-3AA66CDDD20E}.Release|Any CPU.Build.0 = Release|Any CPU
		{C62D38F4-D1F6-4A4F-B374-61F6D89C1753}.Debug|Any CPU.ActiveCfg = Debug|Any CPU
		{C62D38F4-D1F6-4A4F-B374-61F6D89C1753}.Debug|Any CPU.Build.0 = Debug|Any CPU
		{C62D38F4-D1F6-4A4F-B374-61F6D89C1753}.Release|Any CPU.ActiveCfg = Release|Any CPU
		{C62D38F4-D1F6-4A4F-B374-61F6D89C1753}.Release|Any CPU.Build.0 = Release|Any CPU
	EndGlobalSection
EndGlobal
