Microsoft Visual Studio Solution File, Format Version 12.00
# Visual Studio Version 17
VisualStudioVersion = 17.5.2.0
MinimumVisualStudioVersion = 10.0.40219.1
Project("{FAE04EC0-301F-11D3-BF4B-00C04F79EFBC}") = "Text", "Text.csproj", "{58D833C0-0DEB-2013-F0FE-C175155D2743}"
EndProject
Global
	GlobalSection(SolutionConfigurationPlatforms) = preSolution
		Debug|Any CPU = Debug|Any CPU
		Release|Any CPU = Release|Any CPU
	EndGlobalSection
	GlobalSection(ProjectConfigurationPlatforms) = postSolution
		{58D833C0-0DEB-2013-F0FE-C175155D2743}.Debug|Any CPU.ActiveCfg = Debug|Any CPU
		{58D833C0-0DEB-2013-F0FE-C175155D2743}.Debug|Any CPU.Build.0 = Debug|Any CPU
		{58D833C0-0DEB-2013-F0FE-C175155D2743}.Release|Any CPU.ActiveCfg = Release|Any CPU
		{58D833C0-0DEB-2013-F0FE-C175155D2743}.Release|Any CPU.Build.0 = Release|Any CPU
	EndGlobalSection
	GlobalSection(SolutionProperties) = preSolution
		HideSolutionNode = FALSE
	EndGlobalSection
	GlobalSection(ExtensibilityGlobals) = postSolution
		SolutionGuid = {66971D80-4113-4B71-85A0-DFB80CFD9758}
	EndGlobalSection
EndGlobal
